
Microsoft Visual Studio Solution File, Format Version 12.00
# Visual Studio Version 16
VisualStudioVersion = 16.0.30128.74
MinimumVisualStudioVersion = 10.0.40219.1
Project("{FAE04EC0-301F-11D3-BF4B-00C04F79EFBC}") = "JAMPackageManager", "JAMPackageManager\JAMPackageManager.csproj", "{125447FD-D362-4725-A44C-E4C351F806FC}"
EndProject
Global
	GlobalSection(SolutionConfigurationPlatforms) = preSolution
		Debug|Any CPU = Debug|Any CPU
		Release|Any CPU = Release|Any CPU
	EndGlobalSection
	GlobalSection(ProjectConfigurationPlatforms) = postSolution
		{125447FD-D362-4725-A44C-E4C351F806FC}.Debug|Any CPU.ActiveCfg = Debug|Any CPU
		{125447FD-D362-4725-A44C-E4C351F806FC}.Debug|Any CPU.Build.0 = Debug|Any CPU
		{125447FD-D362-4725-A44C-E4C351F806FC}.Release|Any CPU.ActiveCfg = Release|Any CPU
		{125447FD-D362-4725-A44C-E4C351F806FC}.Release|Any CPU.Build.0 = Release|Any CPU
	EndGlobalSection
	GlobalSection(SolutionProperties) = preSolution
		HideSolutionNode = FALSE
	EndGlobalSection
	GlobalSection(ExtensibilityGlobals) = postSolution
		SolutionGuid = {BCF6ECFB-C4C2-43A6-A0AE-3EC1CDCBBC2E}
	EndGlobalSection
EndGlobal
